
Microsoft Visual Studio Solution File, Format Version 12.00
# Visual Studio Version 17
VisualStudioVersion = 17.14.36212.18
MinimumVisualStudioVersion = 10.0.40219.1
Project("{FAE04EC0-301F-11D3-BF4B-00C04F79EFBC}") = "ApiTeste", "ApiTeste\ApiTeste.csproj", "{ABC13CD6-CC20-494E-88C1-C27554EFEF04}"
EndProject
Global
	GlobalSection(SolutionConfigurationPlatforms) = preSolution
		Debug|Any CPU = Debug|Any CPU
		Release|Any CPU = Release|Any CPU
	EndGlobalSection
	GlobalSection(ProjectConfigurationPlatforms) = postSolution
		{ABC13CD6-CC20-494E-88C1-C27554EFEF04}.Debug|Any CPU.ActiveCfg = Debug|Any CPU
		{ABC13CD6-CC20-494E-88C1-C27554EFEF04}.Debug|Any CPU.Build.0 = Debug|Any CPU
		{ABC13CD6-CC20-494E-88C1-C27554EFEF04}.Release|Any CPU.ActiveCfg = Release|Any CPU
		{ABC13CD6-CC20-494E-88C1-C27554EFEF04}.Release|Any CPU.Build.0 = Release|Any CPU
	EndGlobalSection
	GlobalSection(SolutionProperties) = preSolution
		HideSolutionNode = FALSE
	EndGlobalSection
	GlobalSection(ExtensibilityGlobals) = postSolution
		SolutionGuid = {8FAAA725-30DB-41C7-B773-38D89754C9E0}
	EndGlobalSection
EndGlobal
